github.com/nboughton/go-dice v0.0.0-20180703111825-b32cf4c22b8d h1:t+E9E0VSX01pvbx0LPjtRP3lyOXy2by1hFp+gAyrKfg=
github.com/nboughton/go-dice v0.0.0-20180703111825-b32cf4c22b8d/go.mod h1:J0CaBUkMYzXM73mrjr/gotKh2h7e+VNh83v9idv+V4c=
github.com/nboughton/go-dice v1.0.0 h1:D8wa9+kfy+98Dk19PV7T4VRsmepzJiPlw7WkWwjw7pw=
github.com/nboughton/go-dice v1.0.0/go.mod h1:J0CaBUkMYzXM73mrjr/gotKh2h7e+VNh83v9idv+V4c=
