# This file is autogenerated, do not edit; changes may be undone by the next 'dep ensure'.


[[projects]]
  name = "github.com/nboughton/go-dice"
  packages = ["."]
  revision = "bc9283d84218b658b7ee93a1913f142de2df0e74"
  version = "v5.0.1"

[solve-meta]
  analyzer-name = "dep"
  analyzer-version = 1
  inputs-digest = "1747b0334fe525b42065313dfadb4e2072465c0b312ba3865912b43db6bb2137"
  solver-name = "gps-cdcl"
  solver-version = 1
